
Microsoft Visual Studio Solution File, Format Version 12.00
# Visual Studio 15
VisualStudioVersion = 15.0.26730.16
MinimumVisualStudioVersion = 10.0.40219.1
Project("{FAE04EC0-301F-11D3-BF4B-00C04F79EFBC}") = "Supertetris", "Supertetris\Supertetris.csproj", "{F0822920-E190-45EE-8066-B97F4AEA300B}"
EndProject
Global
	GlobalSection(SolutionConfigurationPlatforms) = preSolution
		Debug|Any CPU = Debug|Any CPU
		Release|Any CPU = Release|Any CPU
	EndGlobalSection
	GlobalSection(ProjectConfigurationPlatforms) = postSolution
		{F0822920-E190-45EE-8066-B97F4AEA300B}.Debug|Any CPU.ActiveCfg = Debug|Any CPU
		{F0822920-E190-45EE-8066-B97F4AEA300B}.Debug|Any CPU.Build.0 = Debug|Any CPU
		{F0822920-E190-45EE-8066-B97F4AEA300B}.Release|Any CPU.ActiveCfg = Release|Any CPU
		{F0822920-E190-45EE-8066-B97F4AEA300B}.Release|Any CPU.Build.0 = Release|Any CPU
	EndGlobalSection
	GlobalSection(SolutionProperties) = preSolution
		HideSolutionNode = FALSE
	EndGlobalSection
	GlobalSection(ExtensibilityGlobals) = postSolution
		SolutionGuid = {51190C7A-52B4-43CE-ADE2-A0341D0D1720}
	EndGlobalSection
EndGlobal
